
Microsoft Visual Studio Solution File, Format Version 12.00
# Visual Studio Version 16
VisualStudioVersion = 16.0.30114.105
MinimumVisualStudioVersion = 10.0.40219.1
Project("{FAE04EC0-301F-11D3-BF4B-00C04F79EFBC}") = "eShopSolution.WebApp", "eShopSolution.WebApp\eShopSolution.WebApp.csproj", "{6A309395-07D3-46C1-838F-ED524E6D84EA}"
EndProject
Project("{FAE04EC0-301F-11D3-BF4B-00C04F79EFBC}") = "eShopSolution.Data", "eShopSolution.Data\eShopSolution.Data.csproj", "{00472706-B679-4ABC-9AE8-CD054459B563}"
EndProject
Project("{FAE04EC0-301F-11D3-BF4B-00C04F79EFBC}") = "eShopSolution.Application", "eShopSolution.Application\eShopSolution.Application.csproj", "{6C9C8056-8719-4B76-B99E-523B56260097}"
EndProject
Project("{FAE04EC0-301F-11D3-BF4B-00C04F79EFBC}") = "eShopSolution.Utilities", "eShopSolution.Utilities\eShopSolution.Utilities.csproj", "{6B830A8D-372F-4C9A-A86E-B687D227A3C9}"
EndProject
Global
	GlobalSection(SolutionProperties) = preSolution
		HideSolutionNode = FALSE
	EndGlobalSection
	GlobalSection(SolutionConfigurationPlatforms) = preSolution
		Debug|Any CPU = Debug|Any CPU
		Debug|x64 = Debug|x64
		Debug|x86 = Debug|x86
		Release|Any CPU = Release|Any CPU
		Release|x64 = Release|x64
		Release|x86 = Release|x86
	EndGlobalSection
	GlobalSection(ProjectConfigurationPlatforms) = postSolution
		{6A309395-07D3-46C1-838F-ED524E6D84EA}.Debug|Any CPU.ActiveCfg = Debug|Any CPU
		{6A309395-07D3-46C1-838F-ED524E6D84EA}.Debug|Any CPU.Build.0 = Debug|Any CPU
		{6A309395-07D3-46C1-838F-ED524E6D84EA}.Debug|x64.ActiveCfg = Debug|Any CPU
		{6A309395-07D3-46C1-838F-ED524E6D84EA}.Debug|x64.Build.0 = Debug|Any CPU
		{6A309395-07D3-46C1-838F-ED524E6D84EA}.Debug|x86.ActiveCfg = Debug|Any CPU
		{6A309395-07D3-46C1-838F-ED524E6D84EA}.Debug|x86.Build.0 = Debug|Any CPU
		{6A309395-07D3-46C1-838F-ED524E6D84EA}.Release|Any CPU.ActiveCfg = Release|Any CPU
		{6A309395-07D3-46C1-838F-ED524E6D84EA}.Release|Any CPU.Build.0 = Release|Any CPU
		{6A309395-07D3-46C1-838F-ED524E6D84EA}.Release|x64.ActiveCfg = Release|Any CPU
		{6A309395-07D3-46C1-838F-ED524E6D84EA}.Release|x64.Build.0 = Release|Any CPU
		{6A309395-07D3-46C1-838F-ED524E6D84EA}.Release|x86.ActiveCfg = Release|Any CPU
		{6A309395-07D3-46C1-838F-ED524E6D84EA}.Release|x86.Build.0 = Release|Any CPU
		{00472706-B679-4ABC-9AE8-CD054459B563}.Debug|Any CPU.ActiveCfg = Debug|Any CPU
		{00472706-B679-4ABC-9AE8-CD054459B563}.Debug|Any CPU.Build.0 = Debug|Any CPU
		{00472706-B679-4ABC-9AE8-CD054459B563}.Debug|x64.ActiveCfg = Debug|Any CPU
		{00472706-B679-4ABC-9AE8-CD054459B563}.Debug|x64.Build.0 = Debug|Any CPU
		{00472706-B679-4ABC-9AE8-CD054459B563}.Debug|x86.ActiveCfg = Debug|Any CPU
		{00472706-B679-4ABC-9AE8-CD054459B563}.Debug|x86.Build.0 = Debug|Any CPU
		{00472706-B679-4ABC-9AE8-CD054459B563}.Release|Any CPU.ActiveCfg = Release|Any CPU
		{00472706-B679-4ABC-9AE8-CD054459B563}.Release|Any CPU.Build.0 = Release|Any CPU
		{00472706-B679-4ABC-9AE8-CD054459B563}.Release|x64.ActiveCfg = Release|Any CPU
		{00472706-B679-4ABC-9AE8-CD054459B563}.Release|x64.Build.0 = Release|Any CPU
		{00472706-B679-4ABC-9AE8-CD054459B563}.Release|x86.ActiveCfg = Release|Any CPU
		{00472706-B679-4ABC-9AE8-CD054459B563}.Release|x86.Build.0 = Release|Any CPU
		{6C9C8056-8719-4B76-B99E-523B56260097}.Debug|Any CPU.ActiveCfg = Debug|Any CPU
		{6C9C8056-8719-4B76-B99E-523B56260097}.Debug|Any CPU.Build.0 = Debug|Any CPU
		{6C9C8056-8719-4B76-B99E-523B56260097}.Debug|x64.ActiveCfg = Debug|Any CPU
		{6C9C8056-8719-4B76-B99E-523B56260097}.Debug|x64.Build.0 = Debug|Any CPU
		{6C9C8056-8719-4B76-B99E-523B56260097}.Debug|x86.ActiveCfg = Debug|Any CPU
		{6C9C8056-8719-4B76-B99E-523B56260097}.Debug|x86.Build.0 = Debug|Any CPU
		{6C9C8056-8719-4B76-B99E-523B56260097}.Release|Any CPU.ActiveCfg = Release|Any CPU
		{6C9C8056-8719-4B76-B99E-523B56260097}.Release|Any CPU.Build.0 = Release|Any CPU
		{6C9C8056-8719-4B76-B99E-523B56260097}.Release|x64.ActiveCfg = Release|Any CPU
		{6C9C8056-8719-4B76-B99E-523B56260097}.Release|x64.Build.0 = Release|Any CPU
		{6C9C8056-8719-4B76-B99E-523B56260097}.Release|x86.ActiveCfg = Release|Any CPU
		{6C9C8056-8719-4B76-B99E-523B56260097}.Release|x86.Build.0 = Release|Any CPU
		{6B830A8D-372F-4C9A-A86E-B687D227A3C9}.Debug|Any CPU.ActiveCfg = Debug|Any CPU
		{6B830A8D-372F-4C9A-A86E-B687D227A3C9}.Debug|Any CPU.Build.0 = Debug|Any CPU
		{6B830A8D-372F-4C9A-A86E-B687D227A3C9}.Debug|x64.ActiveCfg = Debug|Any CPU
		{6B830A8D-372F-4C9A-A86E-B687D227A3C9}.Debug|x64.Build.0 = Debug|Any CPU
		{6B830A8D-372F-4C9A-A86E-B687D227A3C9}.Debug|x86.ActiveCfg = Debug|Any CPU
		{6B830A8D-372F-4C9A-A86E-B687D227A3C9}.Debug|x86.Build.0 = Debug|Any CPU
		{6B830A8D-372F-4C9A-A86E-B687D227A3C9}.Release|Any CPU.ActiveCfg = Release|Any CPU
		{6B830A8D-372F-4C9A-A86E-B687D227A3C9}.Release|Any CPU.Build.0 = Release|Any CPU
		{6B830A8D-372F-4C9A-A86E-B687D227A3C9}.Release|x64.ActiveCfg = Release|Any CPU
		{6B830A8D-372F-4C9A-A86E-B687D227A3C9}.Release|x64.Build.0 = Release|Any CPU
		{6B830A8D-372F-4C9A-A86E-B687D227A3C9}.Release|x86.ActiveCfg = Release|Any CPU
		{6B830A8D-372F-4C9A-A86E-B687D227A3C9}.Release|x86.Build.0 = Release|Any CPU
	EndGlobalSection
EndGlobal
